[[package]]
name = "anyio"
version = "3.6.1"
requires_python = ">=3.6.2"
summary = "High level compatibility layer for multiple asynchronous event loop implementations"
dependencies = [
    "idna>=2.8",
    "sniffio>=1.1",
]

[[package]]
name = "appnope"
version = "0.1.3"
summary = "Disable App Nap on macOS >= 10.9"

[[package]]
name = "asttokens"
version = "2.0.5"
summary = "Annotate AST trees with source code positions"
dependencies = [
    "six",
]

[[package]]
name = "awscli"
version = "1.25.17"
requires_python = ">= 3.7"
summary = "Universal Command Line Environment for AWS."
dependencies = [
    "PyYAML<5.5,>=3.10",
    "botocore==1.27.18",
    "colorama<0.4.5,>=0.2.5",
    "docutils<0.17,>=0.10",
    "rsa<4.8,>=3.1.2",
    "s3transfer<0.7.0,>=0.6.0",
]

[[package]]
name = "awscli-local"
version = "0.20"
summary = "Thin wrapper around the \"aws\" command line interface for use with LocalStack"
dependencies = [
    "localstack-client",
]

[[package]]
name = "awslambdaric"
version = "2.0.4"
requires_python = ">=3.6"
summary = "AWS Lambda Runtime Interface Client for Python"
dependencies = [
    "simplejson==3.17.2",
]

[[package]]
name = "backcall"
version = "0.2.0"
summary = "Specifications for callback functions passed in to an API"

[[package]]
name = "boto3"
version = "1.24.18"
requires_python = ">= 3.7"
summary = "The AWS SDK for Python"
dependencies = [
    "botocore<1.28.0,>=1.27.18",
    "jmespath<2.0.0,>=0.7.1",
    "s3transfer<0.7.0,>=0.6.0",
]

[[package]]
name = "botocore"
version = "1.27.18"
requires_python = ">= 3.7"
summary = "Low-level, data-driven core of boto 3."
dependencies = [
    "jmespath<2.0.0,>=0.7.1",
    "python-dateutil<3.0.0,>=2.1",
    "urllib3<1.27,>=1.25.4",
]

[[package]]
name = "click"
version = "8.1.3"
requires_python = ">=3.7"
summary = "Composable command line interface toolkit"
dependencies = [
    "colorama; platform_system == \"Windows\"",
]

[[package]]
name = "colorama"
version = "0.4.4"
requires_python = ">=2.7, !=3.0.*, !=3.1.*, !=3.2.*, !=3.3.*, !=3.4.*"
summary = "Cross-platform colored terminal text."

[[package]]
name = "decorator"
version = "5.1.1"
requires_python = ">=3.5"
summary = "Decorators for Humans"

[[package]]
name = "django-environ"
version = "0.9.0"
requires_python = ">=3.4,<4"
summary = "A package that allows you to utilize 12factor inspired environment variables to configure your Django application."

[[package]]
name = "docutils"
version = "0.16"
requires_python = ">=2.7, !=3.0.*, !=3.1.*, !=3.2.*, !=3.3.*, !=3.4.*"
summary = "Docutils -- Python Documentation Utilities"

[[package]]
name = "executing"
version = "0.8.3"
summary = "Get the currently executing AST node of a frame, and other information"

[[package]]
name = "fastapi"
version = "0.78.0"
requires_python = ">=3.6.1"
summary = "FastAPI framework, high performance, easy to learn, fast to code, ready for production"
dependencies = [
    "pydantic!=1.7,!=1.7.1,!=1.7.2,!=1.7.3,!=1.8,!=1.8.1,<2.0.0,>=1.6.2",
    "starlette==0.19.1",
]

[[package]]
name = "h11"
version = "0.13.0"
requires_python = ">=3.6"
summary = "A pure-Python, bring-your-own-I/O implementation of HTTP/1.1"

[[package]]
name = "idna"
version = "3.3"
requires_python = ">=3.5"
summary = "Internationalized Domain Names in Applications (IDNA)"

[[package]]
name = "ipdb"
version = "0.13.9"
requires_python = ">=2.7"
summary = "IPython-enabled pdb"
dependencies = [
    "decorator; python_version > \"3.6\"",
    "ipython>=7.17.0; python_version > \"3.6\"",
    "setuptools",
    "toml>=0.10.2; python_version > \"3.6\"",
]

[[package]]
name = "ipython"
version = "8.4.0"
requires_python = ">=3.8"
summary = "IPython: Productive Interactive Computing"
dependencies = [
    "appnope; sys_platform == \"darwin\"",
    "backcall",
    "colorama; sys_platform == \"win32\"",
    "decorator",
    "jedi>=0.16",
    "matplotlib-inline",
    "pexpect>4.3; sys_platform != \"win32\"",
    "pickleshare",
    "prompt-toolkit!=3.0.0,!=3.0.1,<3.1.0,>=2.0.0",
    "pygments>=2.4.0",
    "setuptools>=18.5",
    "stack-data",
    "traitlets>=5",
]

[[package]]
name = "jedi"
version = "0.18.1"
requires_python = ">=3.6"
summary = "An autocompletion tool for Python that can be used for text editors."
dependencies = [
    "parso<0.9.0,>=0.8.0",
]

[[package]]
name = "jmespath"
version = "1.0.1"
requires_python = ">=3.7"
summary = "JSON Matching Expressions"

[[package]]
name = "localstack-client"
version = "1.35"
summary = "A lightweight Python client for LocalStack."
dependencies = [
    "boto3",
]

[[package]]
name = "mangum"
version = "0.15.0"
requires_python = ">=3.7"
summary = "AWS Lambda support for ASGI applications"
dependencies = [
    "typing-extensions",
]

[[package]]
name = "matplotlib-inline"
version = "0.1.3"
requires_python = ">=3.5"
summary = "Inline Matplotlib backend for Jupyter"
dependencies = [
    "traitlets",
]

[[package]]
name = "parso"
version = "0.8.3"
requires_python = ">=3.6"
summary = "A Python Parser"

[[package]]
name = "pexpect"
version = "4.8.0"
summary = "Pexpect allows easy control of interactive console applications."
dependencies = [
    "ptyprocess>=0.5",
]

[[package]]
name = "pickleshare"
version = "0.7.5"
summary = "Tiny 'shelve'-like database with concurrency support"

[[package]]
name = "prompt-toolkit"
version = "3.0.29"
requires_python = ">=3.6.2"
summary = "Library for building powerful interactive command lines in Python"
dependencies = [
    "wcwidth",
]

[[package]]
name = "ptyprocess"
version = "0.7.0"
summary = "Run a subprocess in a pseudo terminal"

[[package]]
name = "pure-eval"
version = "0.2.2"
summary = "Safely evaluate AST nodes without side effects"

[[package]]
name = "pyasn1"
version = "0.4.8"
summary = "ASN.1 types and codecs"

[[package]]
name = "pydantic"
version = "1.9.1"
requires_python = ">=3.6.1"
summary = "Data validation and settings management using python type hints"
dependencies = [
    "typing-extensions>=3.7.4.3",
]

[[package]]
name = "pygments"
version = "2.12.0"
requires_python = ">=3.6"
summary = "Pygments is a syntax highlighting package written in Python."

[[package]]
name = "python-dateutil"
version = "2.8.2"
requires_python = "!=3.0.*,!=3.1.*,!=3.2.*,>=2.7"
summary = "Extensions to the standard Python datetime module"
dependencies = [
    "six>=1.5",
]

[[package]]
name = "pyyaml"
version = "5.4.1"
requires_python = ">=2.7, !=3.0.*, !=3.1.*, !=3.2.*, !=3.3.*, !=3.4.*, !=3.5.*"
summary = "YAML parser and emitter for Python"

[[package]]
name = "rsa"
version = "4.7.2"
requires_python = ">=3.5, <4"
summary = "Pure-Python RSA implementation"
dependencies = [
    "pyasn1>=0.1.3",
]

[[package]]
name = "s3transfer"
version = "0.6.0"
requires_python = ">= 3.7"
summary = "An Amazon S3 Transfer Manager"
dependencies = [
    "botocore<2.0a.0,>=1.12.36",
]

[[package]]
name = "setuptools"
version = "62.6.0"
requires_python = ">=3.7"
summary = "Easily download, build, install, upgrade, and uninstall Python packages"

[[package]]
name = "simplejson"
version = "3.17.2"
requires_python = ">=2.5, !=3.0.*, !=3.1.*, !=3.2.*"
summary = "Simple, fast, extensible JSON encoder/decoder for Python"

[[package]]
name = "six"
version = "1.16.0"
requires_python = ">=2.7, !=3.0.*, !=3.1.*, !=3.2.*"
summary = "Python 2 and 3 compatibility utilities"

[[package]]
name = "sniffio"
version = "1.2.0"
requires_python = ">=3.5"
summary = "Sniff out which async library your code is running under"

[[package]]
name = "stack-data"
version = "0.3.0"
summary = "Extract data from python stack frames and tracebacks for informative displays"
dependencies = [
    "asttokens",
    "executing",
    "pure-eval",
]

[[package]]
name = "starlette"
version = "0.19.1"
requires_python = ">=3.6"
summary = "The little ASGI library that shines."
dependencies = [
    "anyio<5,>=3.4.0",
    "typing-extensions>=3.10.0; python_version < \"3.10\"",
]

[[package]]
name = "toml"
version = "0.10.2"
requires_python = ">=2.6, !=3.0.*, !=3.1.*, !=3.2.*"
summary = "Python Library for Tom's Obvious, Minimal Language"

[[package]]
name = "traitlets"
version = "5.3.0"
requires_python = ">=3.7"
summary = ""

[[package]]
name = "typing-extensions"
version = "4.2.0"
requires_python = ">=3.7"
summary = "Backported and Experimental Type Hints for Python 3.7+"

[[package]]
name = "ujson"
version = "5.3.0"
requires_python = ">=3.7"
summary = "Ultra fast JSON encoder and decoder for Python"

[[package]]
name = "urllib3"
version = "1.26.9"
requires_python = ">=2.7, !=3.0.*, !=3.1.*, !=3.2.*, !=3.3.*, !=3.4.*, <4"
summary = "HTTP library with thread-safe connection pooling, file post, and more."

[[package]]
name = "uvicorn"
version = "0.17.6"
requires_python = ">=3.7"
summary = "The lightning-fast ASGI server."
dependencies = [
    "click>=7.0",
    "h11>=0.8",
]

[[package]]
name = "wcwidth"
version = "0.2.5"
summary = "Measures the displayed width of unicode strings in a terminal"

[metadata]
lock_version = "3.1"
content_hash = "sha256:0c90d420b0b3420488acd8ff3cc52ec69f2686a8c1570eedd0c8ff5070e6d2f4"

[metadata.files]
"anyio 3.6.1" = [
    {file = "anyio-3.6.1-py3-none-any.whl", hash = "sha256:cb29b9c70620506a9a8f87a309591713446953302d7d995344d0d7c6c0c9a7be"},
    {file = "anyio-3.6.1.tar.gz", hash = "sha256:413adf95f93886e442aea925f3ee43baa5a765a64a0f52c6081894f9992fdd0b"},
]
"appnope 0.1.3" = [
    {file = "appnope-0.1.3-py2.py3-none-any.whl", hash = "sha256:265a455292d0bd8a72453494fa24df5a11eb18373a60c7c0430889f22548605e"},
    {file = "appnope-0.1.3.tar.gz", hash = "sha256:02bd91c4de869fbb1e1c50aafc4098827a7a54ab2f39d9dcba6c9547ed920e24"},
]
"asttokens 2.0.5" = [
    {file = "asttokens-2.0.5-py2.py3-none-any.whl", hash = "sha256:0844691e88552595a6f4a4281a9f7f79b8dd45ca4ccea82e5e05b4bbdb76705c"},
    {file = "asttokens-2.0.5.tar.gz", hash = "sha256:9a54c114f02c7a9480d56550932546a3f1fe71d8a02f1bc7ccd0ee3ee35cf4d5"},
]
"awscli 1.25.17" = [
    {file = "awscli-1.25.17-py3-none-any.whl", hash = "sha256:e67725a70f62eeb37ffb450be0ab68db550b684aa622688d6f34d5794a7dceab"},
    {file = "awscli-1.25.17.tar.gz", hash = "sha256:071fa70ef8df7ee21286f57ce05de6b572b84d5d36100ce1a46d0892a8db3c56"},
]
"awscli-local 0.20" = [
    {file = "awscli-local-0.20.tar.gz", hash = "sha256:8694445f4fcf11e1ed15c0cf47150b85f5904cc6f27ae8157043b89cf9f4b16a"},
]
"awslambdaric 2.0.4" = [
    {file = "awslambdaric-2.0.4-cp310-cp310-manylinux_2_17_aarch64.manylinux2014_aarch64.whl", hash = "sha256:0e90053614f0e5e5d6d6ae6d164412ce95b5d549c6fb0f6ff4290d77c5e9d3e5"},
    {file = "awslambdaric-2.0.4-cp310-cp310-manylinux_2_17_x86_64.manylinux2014_x86_64.whl", hash = "sha256:bad98f2f94cecc90b89ac4e1d4feed96eb664e13c29b7ce232444cc9358e0d36"},
    {file = "awslambdaric-2.0.4-cp311-cp311-manylinux_2_17_aarch64.manylinux2014_aarch64.whl", hash = "sha256:11a365164efec105aa670259dfe473d9609da8f6f2e468790b2dfc24969bfff1"},
    {file = "awslambdaric-2.0.4-cp311-cp311-manylinux_2_17_x86_64.manylinux2014_x86_64.whl", hash = "sha256:fe76893a1b42bcee4c91c6456092d2a42455818756e8f62d50e8c5adb22fa9e7"},
    {file = "awslambdaric-2.0.4-cp36-cp36m-manylinux_2_17_aarch64.manylinux2014_aarch64.whl", hash = "sha256:2eb2fdb1ae0f84669d37f193f247fa115a282a7777e051ced3a33620d6280646"},
    {file = "awslambdaric-2.0.4-cp36-cp36m-manylinux_2_17_x86_64.manylinux2014_x86_64.whl", hash = "sha256:d64dcba8da9dbea62644133a48c75376a37bfe0f84096ad73bf7fc5b2eb31fc7"},
    {file = "awslambdaric-2.0.4-cp37-cp37m-manylinux_2_17_aarch64.manylinux2014_aarch64.whl", hash = "sha256:dc7072f642fdd215387d4921bbd5ac91b96a4a705bce5e7853622d09fe59f57d"},
    {file = "awslambdaric-2.0.4-cp37-cp37m-manylinux_2_17_x86_64.manylinux2014_x86_64.whl", hash = "sha256:676a741ad8f3aa27d651bcf3a2b83d5cee815f99c8b2b9abef3cb22ca7b29698"},
    {file = "awslambdaric-2.0.4-cp38-cp38-manylinux_2_17_aarch64.manylinux2014_aarch64.whl", hash = "sha256:d8f280b25d8a7ae6b6ff92a9bbc6567b984264be8ef3e0fcb0402a1247f6c75d"},
    {file = "awslambdaric-2.0.4-cp38-cp38-manylinux_2_17_x86_64.manylinux2014_x86_64.whl", hash = "sha256:38f8ae67ecb5b4e9f7fc42746ee39765dd7ddab359cb7e8ebfda1de0f0c0b059"},
    {file = "awslambdaric-2.0.4-cp39-cp39-manylinux_2_17_aarch64.manylinux2014_aarch64.whl", hash = "sha256:387b94cb0358662ae2b203f0aa2af25e80c6a2019a6b569f733ecd993a4f53d2"},
    {file = "awslambdaric-2.0.4-cp39-cp39-manylinux_2_17_x86_64.manylinux2014_x86_64.whl", hash = "sha256:63a82d21d66146b3fde7eb6086abd058b75bdcab4a02b02afe0e8e4a45edfb5b"},
    {file = "awslambdaric-2.0.4-pp37-pypy37_pp73-manylinux_2_17_aarch64.manylinux2014_aarch64.whl", hash = "sha256:059c7a66d4470169e01620d93f07424b80d302e3736cd11e68373f293a41e396"},
    {file = "awslambdaric-2.0.4-pp37-pypy37_pp73-manylinux_2_17_x86_64.manylinux2014_x86_64.whl", hash = "sha256:3fd0e1b3891987fa7ebb0c08d24c76af5fc17466f6efdfa9a59848dfb23930ec"},
    {file = "awslambdaric-2.0.4-pp38-pypy38_pp73-manylinux_2_17_aarch64.manylinux2014_aarch64.whl", hash = "sha256:9b0781bd41c20a2f2a0b018464a1daa376f663bd5eb7b0b6ba78f483681b1519"},
    {file = "awslambdaric-2.0.4-pp38-pypy38_pp73-manylinux_2_17_x86_64.manylinux2014_x86_64.whl", hash = "sha256:fbbd24446ce2f876335b178f04aa4ec7ec480afc0f9621ebfdd5f55ad4b7c06e"},
    {file = "awslambdaric-2.0.4-pp39-pypy39_pp73-manylinux_2_17_aarch64.manylinux2014_aarch64.whl", hash = "sha256:19da28e8c892b1c52a9db4d2b986af303932e3a4c4632eb0c5d5eb6a673c6022"},
    {file = "awslambdaric-2.0.4-pp39-pypy39_pp73-manylinux_2_17_x86_64.manylinux2014_x86_64.whl", hash = "sha256:2efff2292fc8f8484eb094ffd77808a67815353be898a7f0b33ce51b841af691"},
    {file = "awslambdaric-2.0.4.tar.gz", hash = "sha256:dad646f566aa7ec9b7179f16ca6741a2bea148abec6ed5947f86d00607e0a9a2"},
]
"backcall 0.2.0" = [
    {file = "backcall-0.2.0-py2.py3-none-any.whl", hash = "sha256:fbbce6a29f263178a1f7915c1940bde0ec2b2a967566fe1c65c1dfb7422bd255"},
    {file = "backcall-0.2.0.tar.gz", hash = "sha256:5cbdbf27be5e7cfadb448baf0aa95508f91f2bbc6c6437cd9cd06e2a4c215e1e"},
]
"boto3 1.24.18" = [
    {file = "boto3-1.24.18-py3-none-any.whl", hash = "sha256:4a7cf5fddb1626d25c5935c5a82afdff9c7fe2faac2a68d37edf0264b3a85127"},
]
"botocore 1.27.18" = [
    {file = "botocore-1.27.18-py3-none-any.whl", hash = "sha256:74426179c75debd77c6dcc2d66cfd506e52962e605d2b9f2dbca290474539c8b"},
    {file = "botocore-1.27.18.tar.gz", hash = "sha256:20a866351f9f65cfe27edc21d755de60e17a1fbb1273d73fc0006ed0d6f8ef86"},
]
"click 8.1.3" = [
    {file = "click-8.1.3-py3-none-any.whl", hash = "sha256:bb4d8133cb15a609f44e8213d9b391b0809795062913b383c62be0ee95b1db48"},
    {file = "click-8.1.3.tar.gz", hash = "sha256:7682dc8afb30297001674575ea00d1814d808d6a36af415a82bd481d37ba7b8e"},
]
"colorama 0.4.4" = [
    {file = "colorama-0.4.4-py2.py3-none-any.whl", hash = "sha256:9f47eda37229f68eee03b24b9748937c7dc3868f906e8ba69fbcbdd3bc5dc3e2"},
    {file = "colorama-0.4.4.tar.gz", hash = "sha256:5941b2b48a20143d2267e95b1c2a7603ce057ee39fd88e7329b0c292aa16869b"},
]
"decorator 5.1.1" = [
    {file = "decorator-5.1.1-py3-none-any.whl", hash = "sha256:b8c3f85900b9dc423225913c5aace94729fe1fa9763b38939a95226f02d37186"},
    {file = "decorator-5.1.1.tar.gz", hash = "sha256:637996211036b6385ef91435e4fae22989472f9d571faba8927ba8253acbc330"},
]
"django-environ 0.9.0" = [
    {file = "django_environ-0.9.0-py2.py3-none-any.whl", hash = "sha256:f21a5ef8cc603da1870bbf9a09b7e5577ab5f6da451b843dbcc721a7bca6b3d9"},
    {file = "django-environ-0.9.0.tar.gz", hash = "sha256:bff5381533056328c9ac02f71790bd5bf1cea81b1beeb648f28b81c9e83e0a21"},
]
"docutils 0.16" = [
    {file = "docutils-0.16-py2.py3-none-any.whl", hash = "sha256:0c5b78adfbf7762415433f5515cd5c9e762339e23369dbe8000d84a4bf4ab3af"},
    {file = "docutils-0.16.tar.gz", hash = "sha256:c2de3a60e9e7d07be26b7f2b00ca0309c207e06c100f9cc2a94931fc75a478fc"},
]
"executing 0.8.3" = [
    {file = "executing-0.8.3-py2.py3-none-any.whl", hash = "sha256:d1eef132db1b83649a3905ca6dd8897f71ac6f8cac79a7e58a1a09cf137546c9"},
    {file = "executing-0.8.3.tar.gz", hash = "sha256:c6554e21c6b060590a6d3be4b82fb78f8f0194d809de5ea7df1c093763311501"},
]
"fastapi 0.78.0" = [
    {file = "fastapi-0.78.0-py3-none-any.whl", hash = "sha256:15fcabd5c78c266fa7ae7d8de9b384bfc2375ee0503463a6febbe3bab69d6f65"},
    {file = "fastapi-0.78.0.tar.gz", hash = "sha256:3233d4a789ba018578658e2af1a4bb5e38bdd122ff722b313666a9b2c6786a83"},
]
"h11 0.13.0" = [
    {file = "h11-0.13.0-py3-none-any.whl", hash = "sha256:8ddd78563b633ca55346c8cd41ec0af27d3c79931828beffb46ce70a379e7442"},
    {file = "h11-0.13.0.tar.gz", hash = "sha256:70813c1135087a248a4d38cc0e1a0181ffab2188141a93eaf567940c3957ff06"},
]
"idna 3.3" = [
    {file = "idna-3.3-py3-none-any.whl", hash = "sha256:84d9dd047ffa80596e0f246e2eab0b391788b0503584e8945f2368256d2735ff"},
    {file = "idna-3.3.tar.gz", hash = "sha256:9d643ff0a55b762d5cdb124b8eaa99c66322e2157b69160bc32796e824360e6d"},
]
"ipdb 0.13.9" = [
    {file = "ipdb-0.13.9.tar.gz", hash = "sha256:951bd9a64731c444fd907a5ce268543020086a697f6be08f7cc2c9a752a278c5"},
]
"ipython 8.4.0" = [
    {file = "ipython-8.4.0-py3-none-any.whl", hash = "sha256:7ca74052a38fa25fe9bedf52da0be7d3fdd2fb027c3b778ea78dfe8c212937d1"},
    {file = "ipython-8.4.0.tar.gz", hash = "sha256:f2db3a10254241d9b447232cec8b424847f338d9d36f9a577a6192c332a46abd"},
]
"jedi 0.18.1" = [
    {file = "jedi-0.18.1-py2.py3-none-any.whl", hash = "sha256:637c9635fcf47945ceb91cd7f320234a7be540ded6f3e99a50cb6febdfd1ba8d"},
    {file = "jedi-0.18.1.tar.gz", hash = "sha256:74137626a64a99c8eb6ae5832d99b3bdd7d29a3850fe2aa80a4126b2a7d949ab"},
]
"jmespath 1.0.1" = [
    {file = "jmespath-1.0.1-py3-none-any.whl", hash = "sha256:02e2e4cc71b5bcab88332eebf907519190dd9e6e82107fa7f83b1003a6252980"},
    {file = "jmespath-1.0.1.tar.gz", hash = "sha256:90261b206d6defd58fdd5e85f478bf633a2901798906be2ad389150c5c60edbe"},
]
"localstack-client 1.35" = [
    {file = "localstack-client-1.35.tar.gz", hash = "sha256:f42a8cb0b16bab56e447058f06b4d583814d03be9687e8c7dac6cf35b7c2210b"},
]
"mangum 0.15.0" = [
    {file = "mangum-0.15.0-py3-none-any.whl", hash = "sha256:bfd0e59ca8102be119b00b0d65894fcead8184438ecfa3110f87c7d2d9c90f01"},
    {file = "mangum-0.15.0.tar.gz", hash = "sha256:12e84806198b23bbd5a54b9b69c1aef3c62177347219bb57c8ec114b8a6b8537"},
]
"matplotlib-inline 0.1.3" = [
    {file = "matplotlib_inline-0.1.3-py3-none-any.whl", hash = "sha256:aed605ba3b72462d64d475a21a9296f400a19c4f74a31b59103d2a99ffd5aa5c"},
    {file = "matplotlib-inline-0.1.3.tar.gz", hash = "sha256:a04bfba22e0d1395479f866853ec1ee28eea1485c1d69a6faf00dc3e24ff34ee"},
]
"parso 0.8.3" = [
    {file = "parso-0.8.3-py2.py3-none-any.whl", hash = "sha256:c001d4636cd3aecdaf33cbb40aebb59b094be2a74c556778ef5576c175e19e75"},
    {file = "parso-0.8.3.tar.gz", hash = "sha256:8c07be290bb59f03588915921e29e8a50002acaf2cdc5fa0e0114f91709fafa0"},
]
"pexpect 4.8.0" = [
    {file = "pexpect-4.8.0-py2.py3-none-any.whl", hash = "sha256:0b48a55dcb3c05f3329815901ea4fc1537514d6ba867a152b581d69ae3710937"},
    {file = "pexpect-4.8.0.tar.gz", hash = "sha256:fc65a43959d153d0114afe13997d439c22823a27cefceb5ff35c2178c6784c0c"},
]
"pickleshare 0.7.5" = [
    {file = "pickleshare-0.7.5-py2.py3-none-any.whl", hash = "sha256:9649af414d74d4df115d5d718f82acb59c9d418196b7b4290ed47a12ce62df56"},
    {file = "pickleshare-0.7.5.tar.gz", hash = "sha256:87683d47965c1da65cdacaf31c8441d12b8044cdec9aca500cd78fc2c683afca"},
]
"prompt-toolkit 3.0.29" = [
    {file = "prompt_toolkit-3.0.29-py3-none-any.whl", hash = "sha256:62291dad495e665fca0bda814e342c69952086afb0f4094d0893d357e5c78752"},
    {file = "prompt_toolkit-3.0.29.tar.gz", hash = "sha256:bd640f60e8cecd74f0dc249713d433ace2ddc62b65ee07f96d358e0b152b6ea7"},
]
"ptyprocess 0.7.0" = [
    {file = "ptyprocess-0.7.0-py2.py3-none-any.whl", hash = "sha256:4b41f3967fce3af57cc7e94b888626c18bf37a083e3651ca8feeb66d492fef35"},
    {file = "ptyprocess-0.7.0.tar.gz", hash = "sha256:5c5d0a3b48ceee0b48485e0c26037c0acd7d29765ca3fbb5cb3831d347423220"},
]
"pure-eval 0.2.2" = [
    {file = "pure_eval-0.2.2-py3-none-any.whl", hash = "sha256:01eaab343580944bc56080ebe0a674b39ec44a945e6d09ba7db3cb8cec289350"},
    {file = "pure_eval-0.2.2.tar.gz", hash = "sha256:2b45320af6dfaa1750f543d714b6d1c520a1688dec6fd24d339063ce0aaa9ac3"},
]
"pyasn1 0.4.8" = [
    {file = "pyasn1-0.4.8-py2.py3-none-any.whl", hash = "sha256:39c7e2ec30515947ff4e87fb6f456dfc6e84857d34be479c9d4a4ba4bf46aa5d"},
    {file = "pyasn1-0.4.8.tar.gz", hash = "sha256:aef77c9fb94a3ac588e87841208bdec464471d9871bd5050a287cc9a475cd0ba"},
]
"pydantic 1.9.1" = [
    {file = "pydantic-1.9.1-cp310-cp310-macosx_10_9_x86_64.whl", hash = "sha256:c8098a724c2784bf03e8070993f6d46aa2eeca031f8d8a048dff277703e6e193"},
    {file = "pydantic-1.9.1-cp310-cp310-macosx_11_0_arm64.whl", hash = "sha256:c320c64dd876e45254bdd350f0179da737463eea41c43bacbee9d8c9d1021f11"},
    {file = "pydantic-1.9.1-cp310-cp310-manylinux_2_17_x86_64.manylinux2014_x86_64.whl", hash = "sha256:18f3e912f9ad1bdec27fb06b8198a2ccc32f201e24174cec1b3424dda605a310"},
    {file = "pydantic-1.9.1-cp310-cp310-manylinux_2_5_i686.manylinux1_i686.manylinux_2_17_i686.manylinux2014_i686.whl", hash = "sha256:c11951b404e08b01b151222a1cb1a9f0a860a8153ce8334149ab9199cd198131"},
    {file = "pydantic-1.9.1-cp310-cp310-musllinux_1_1_i686.whl", hash = "sha256:8bc541a405423ce0e51c19f637050acdbdf8feca34150e0d17f675e72d119580"},
    {file = "pydantic-1.9.1-cp310-cp310-musllinux_1_1_x86_64.whl", hash = "sha256:e565a785233c2d03724c4dc55464559639b1ba9ecf091288dd47ad9c629433bd"},
    {file = "pydantic-1.9.1-cp310-cp310-win_amd64.whl", hash = "sha256:a4a88dcd6ff8fd47c18b3a3709a89adb39a6373f4482e04c1b765045c7e282fd"},
    {file = "pydantic-1.9.1-cp36-cp36m-macosx_10_9_x86_64.whl", hash = "sha256:447d5521575f18e18240906beadc58551e97ec98142266e521c34968c76c8761"},
    {file = "pydantic-1.9.1-cp36-cp36m-manylinux_2_17_x86_64.manylinux2014_x86_64.whl", hash = "sha256:985ceb5d0a86fcaa61e45781e567a59baa0da292d5ed2e490d612d0de5796918"},
    {file = "pydantic-1.9.1-cp36-cp36m-manylinux_2_5_i686.manylinux1_i686.manylinux_2_17_i686.manylinux2014_i686.whl", hash = "sha256:059b6c1795170809103a1538255883e1983e5b831faea6558ef873d4955b4a74"},
    {file = "pydantic-1.9.1-cp36-cp36m-musllinux_1_1_i686.whl", hash = "sha256:d12f96b5b64bec3f43c8e82b4aab7599d0157f11c798c9f9c528a72b9e0b339a"},
    {file = "pydantic-1.9.1-cp36-cp36m-musllinux_1_1_x86_64.whl", hash = "sha256:ae72f8098acb368d877b210ebe02ba12585e77bd0db78ac04a1ee9b9f5dd2166"},
    {file = "pydantic-1.9.1-cp36-cp36m-win_amd64.whl", hash = "sha256:79b485767c13788ee314669008d01f9ef3bc05db9ea3298f6a50d3ef596a154b"},
    {file = "pydantic-1.9.1-cp37-cp37m-macosx_10_9_x86_64.whl", hash = "sha256:494f7c8537f0c02b740c229af4cb47c0d39840b829ecdcfc93d91dcbb0779892"},
    {file = "pydantic-1.9.1-cp37-cp37m-manylinux_2_17_x86_64.manylinux2014_x86_64.whl", hash = "sha256:f0f047e11febe5c3198ed346b507e1d010330d56ad615a7e0a89fae604065a0e"},
    {file = "pydantic-1.9.1-cp37-cp37m-manylinux_2_5_i686.manylinux1_i686.manylinux_2_17_i686.manylinux2014_i686.whl", hash = "sha256:969dd06110cb780da01336b281f53e2e7eb3a482831df441fb65dd30403f4608"},
    {file = "pydantic-1.9.1-cp37-cp37m-musllinux_1_1_i686.whl", hash = "sha256:177071dfc0df6248fd22b43036f936cfe2508077a72af0933d0c1fa269b18537"},
    {file = "pydantic-1.9.1-cp37-cp37m-musllinux_1_1_x86_64.whl", hash = "sha256:9bcf8b6e011be08fb729d110f3e22e654a50f8a826b0575c7196616780683380"},
    {file = "pydantic-1.9.1-cp37-cp37m-win_amd64.whl", hash = "sha256:a955260d47f03df08acf45689bd163ed9df82c0e0124beb4251b1290fa7ae728"},
    {file = "pydantic-1.9.1-cp38-cp38-macosx_10_9_x86_64.whl", hash = "sha256:9ce157d979f742a915b75f792dbd6aa63b8eccaf46a1005ba03aa8a986bde34a"},
    {file = "pydantic-1.9.1-cp38-cp38-macosx_11_0_arm64.whl", hash = "sha256:0bf07cab5b279859c253d26a9194a8906e6f4a210063b84b433cf90a569de0c1"},
    {file = "pydantic-1.9.1-cp38-cp38-manylinux_2_17_x86_64.manylinux2014_x86_64.whl", hash = "sha256:5d93d4e95eacd313d2c765ebe40d49ca9dd2ed90e5b37d0d421c597af830c195"},
    {file = "pydantic-1.9.1-cp38-cp38-manylinux_2_5_i686.manylinux1_i686.manylinux_2_17_i686.manylinux2014_i686.whl", hash = "sha256:1542636a39c4892c4f4fa6270696902acb186a9aaeac6f6cf92ce6ae2e88564b"},
    {file = "pydantic-1.9.1-cp38-cp38-musllinux_1_1_i686.whl", hash = "sha256:a9af62e9b5b9bc67b2a195ebc2c2662fdf498a822d62f902bf27cccb52dbbf49"},
    {file = "pydantic-1.9.1-cp38-cp38-musllinux_1_1_x86_64.whl", hash = "sha256:fe4670cb32ea98ffbf5a1262f14c3e102cccd92b1869df3bb09538158ba90fe6"},
    {file = "pydantic-1.9.1-cp38-cp38-win_amd64.whl", hash = "sha256:9f659a5ee95c8baa2436d392267988fd0f43eb774e5eb8739252e5a7e9cf07e0"},
    {file = "pydantic-1.9.1-cp39-cp39-macosx_10_9_x86_64.whl", hash = "sha256:b83ba3825bc91dfa989d4eed76865e71aea3a6ca1388b59fc801ee04c4d8d0d6"},
    {file = "pydantic-1.9.1-cp39-cp39-macosx_11_0_arm64.whl", hash = "sha256:1dd8fecbad028cd89d04a46688d2fcc14423e8a196d5b0a5c65105664901f810"},
    {file = "pydantic-1.9.1-cp39-cp39-manylinux_2_17_x86_64.manylinux2014_x86_64.whl", hash = "sha256:02eefd7087268b711a3ff4db528e9916ac9aa18616da7bca69c1871d0b7a091f"},
    {file = "pydantic-1.9.1-cp39-cp39-manylinux_2_5_i686.manylinux1_i686.manylinux_2_17_i686.manylinux2014_i686.whl", hash = "sha256:7eb57ba90929bac0b6cc2af2373893d80ac559adda6933e562dcfb375029acee"},
    {file = "pydantic-1.9.1-cp39-cp39-musllinux_1_1_i686.whl", hash = "sha256:4ce9ae9e91f46c344bec3b03d6ee9612802682c1551aaf627ad24045ce090761"},
    {file = "pydantic-1.9.1-cp39-cp39-musllinux_1_1_x86_64.whl", hash = "sha256:72ccb318bf0c9ab97fc04c10c37683d9eea952ed526707fabf9ac5ae59b701fd"},
    {file = "pydantic-1.9.1-cp39-cp39-win_amd64.whl", hash = "sha256:61b6760b08b7c395975d893e0b814a11cf011ebb24f7d869e7118f5a339a82e1"},
    {file = "pydantic-1.9.1-py3-none-any.whl", hash = "sha256:4988c0f13c42bfa9ddd2fe2f569c9d54646ce84adc5de84228cfe83396f3bd58"},
    {file = "pydantic-1.9.1.tar.gz", hash = "sha256:1ed987c3ff29fff7fd8c3ea3a3ea877ad310aae2ef9889a119e22d3f2db0691a"},
]
"pygments 2.12.0" = [
    {file = "Pygments-2.12.0-py3-none-any.whl", hash = "sha256:dc9c10fb40944260f6ed4c688ece0cd2048414940f1cea51b8b226318411c519"},
    {file = "Pygments-2.12.0.tar.gz", hash = "sha256:5eb116118f9612ff1ee89ac96437bb6b49e8f04d8a13b514ba26f620208e26eb"},
]
"python-dateutil 2.8.2" = [
    {file = "python_dateutil-2.8.2-py2.py3-none-any.whl", hash = "sha256:961d03dc3453ebbc59dbdea9e4e11c5651520a876d0f4db161e8674aae935da9"},
    {file = "python-dateutil-2.8.2.tar.gz", hash = "sha256:0123cacc1627ae19ddf3c27a5de5bd67ee4586fbdd6440d9748f8abb483d3e86"},
]
"pyyaml 5.4.1" = [
    {file = "PyYAML-5.4.1-cp27-cp27m-macosx_10_9_x86_64.whl", hash = "sha256:3b2b1824fe7112845700f815ff6a489360226a5609b96ec2190a45e62a9fc922"},
    {file = "PyYAML-5.4.1-cp27-cp27m-win32.whl", hash = "sha256:129def1b7c1bf22faffd67b8f3724645203b79d8f4cc81f674654d9902cb4393"},
    {file = "PyYAML-5.4.1-cp27-cp27m-win_amd64.whl", hash = "sha256:4465124ef1b18d9ace298060f4eccc64b0850899ac4ac53294547536533800c8"},
    {file = "PyYAML-5.4.1-cp27-cp27mu-manylinux1_x86_64.whl", hash = "sha256:bb4191dfc9306777bc594117aee052446b3fa88737cd13b7188d0e7aa8162185"},
    {file = "PyYAML-5.4.1-cp36-cp36m-macosx_10_9_x86_64.whl", hash = "sha256:6c78645d400265a062508ae399b60b8c167bf003db364ecb26dcab2bda048253"},
    {file = "PyYAML-5.4.1-cp36-cp36m-manylinux1_x86_64.whl", hash = "sha256:4e0583d24c881e14342eaf4ec5fbc97f934b999a6828693a99157fde912540cc"},
    {file = "PyYAML-5.4.1-cp36-cp36m-manylinux2014_aarch64.whl", hash = "sha256:72a01f726a9c7851ca9bfad6fd09ca4e090a023c00945ea05ba1638c09dc3347"},
    {file = "PyYAML-5.4.1-cp36-cp36m-manylinux2014_s390x.whl", hash = "sha256:895f61ef02e8fed38159bb70f7e100e00f471eae2bc838cd0f4ebb21e28f8541"},
    {file = "PyYAML-5.4.1-cp36-cp36m-win32.whl", hash = "sha256:3bd0e463264cf257d1ffd2e40223b197271046d09dadf73a0fe82b9c1fc385a5"},
    {file = "PyYAML-5.4.1-cp36-cp36m-win_amd64.whl", hash = "sha256:e4fac90784481d221a8e4b1162afa7c47ed953be40d31ab4629ae917510051df"},
    {file = "PyYAML-5.4.1-cp37-cp37m-macosx_10_9_x86_64.whl", hash = "sha256:5accb17103e43963b80e6f837831f38d314a0495500067cb25afab2e8d7a4018"},
    {file = "PyYAML-5.4.1-cp37-cp37m-manylinux1_x86_64.whl", hash = "sha256:e1d4970ea66be07ae37a3c2e48b5ec63f7ba6804bdddfdbd3cfd954d25a82e63"},
    {file = "PyYAML-5.4.1-cp37-cp37m-manylinux2014_aarch64.whl", hash = "sha256:cb333c16912324fd5f769fff6bc5de372e9e7a202247b48870bc251ed40239aa"},
    {file = "PyYAML-5.4.1-cp37-cp37m-manylinux2014_s390x.whl", hash = "sha256:fe69978f3f768926cfa37b867e3843918e012cf83f680806599ddce33c2c68b0"},
    {file = "PyYAML-5.4.1-cp37-cp37m-win32.whl", hash = "sha256:dd5de0646207f053eb0d6c74ae45ba98c3395a571a2891858e87df7c9b9bd51b"},
    {file = "PyYAML-5.4.1-cp37-cp37m-win_amd64.whl", hash = "sha256:08682f6b72c722394747bddaf0aa62277e02557c0fd1c42cb853016a38f8dedf"},
    {file = "PyYAML-5.4.1-cp38-cp38-macosx_10_9_x86_64.whl", hash = "sha256:d2d9808ea7b4af864f35ea216be506ecec180628aced0704e34aca0b040ffe46"},
    {file = "PyYAML-5.4.1-cp38-cp38-manylinux1_x86_64.whl", hash = "sha256:8c1be557ee92a20f184922c7b6424e8ab6691788e6d86137c5d93c1a6ec1b8fb"},
    {file = "PyYAML-5.4.1-cp38-cp38-manylinux2014_aarch64.whl", hash = "sha256:fd7f6999a8070df521b6384004ef42833b9bd62cfee11a09bda1079b4b704247"},
    {file = "PyYAML-5.4.1-cp38-cp38-manylinux2014_s390x.whl", hash = "sha256:bfb51918d4ff3d77c1c856a9699f8492c612cde32fd3bcd344af9be34999bfdc"},
    {file = "PyYAML-5.4.1-cp38-cp38-win32.whl", hash = "sha256:fa5ae20527d8e831e8230cbffd9f8fe952815b2b7dae6ffec25318803a7528fc"},
    {file = "PyYAML-5.4.1-cp38-cp38-win_amd64.whl", hash = "sha256:0f5f5786c0e09baddcd8b4b45f20a7b5d61a7e7e99846e3c799b05c7c53fa696"},
    {file = "PyYAML-5.4.1-cp39-cp39-macosx_10_9_x86_64.whl", hash = "sha256:294db365efa064d00b8d1ef65d8ea2c3426ac366c0c4368d930bf1c5fb497f77"},
    {file = "PyYAML-5.4.1-cp39-cp39-manylinux1_x86_64.whl", hash = "sha256:74c1485f7707cf707a7aef42ef6322b8f97921bd89be2ab6317fd782c2d53183"},
    {file = "PyYAML-5.4.1-cp39-cp39-manylinux2014_aarch64.whl", hash = "sha256:d483ad4e639292c90170eb6f7783ad19490e7a8defb3e46f97dfe4bacae89122"},
    {file = "PyYAML-5.4.1-cp39-cp39-manylinux2014_s390x.whl", hash = "sha256:fdc842473cd33f45ff6bce46aea678a54e3d21f1b61a7750ce3c498eedfe25d6"},
    {file = "PyYAML-5.4.1-cp39-cp39-win32.whl", hash = "sha256:49d4cdd9065b9b6e206d0595fee27a96b5dd22618e7520c33204a4a3239d5b10"},
    {file = "PyYAML-5.4.1-cp39-cp39-win_amd64.whl", hash = "sha256:c20cfa2d49991c8b4147af39859b167664f2ad4561704ee74c1de03318e898db"},
    {file = "PyYAML-5.4.1.tar.gz", hash = "sha256:607774cbba28732bfa802b54baa7484215f530991055bb562efbed5b2f20a45e"},
]
"rsa 4.7.2" = [
    {file = "rsa-4.7.2-py3-none-any.whl", hash = "sha256:78f9a9bf4e7be0c5ded4583326e7461e3a3c5aae24073648b4bdfa797d78c9d2"},
    {file = "rsa-4.7.2.tar.gz", hash = "sha256:9d689e6ca1b3038bc82bf8d23e944b6b6037bc02301a574935b2dd946e0353b9"},
]
"s3transfer 0.6.0" = [
    {file = "s3transfer-0.6.0-py3-none-any.whl", hash = "sha256:06176b74f3a15f61f1b4f25a1fc29a4429040b7647133a463da8fa5bd28d5ecd"},
    {file = "s3transfer-0.6.0.tar.gz", hash = "sha256:2ed07d3866f523cc561bf4a00fc5535827981b117dd7876f036b0c1aca42c947"},
]
"setuptools 62.6.0" = [
    {file = "setuptools-62.6.0-py3-none-any.whl", hash = "sha256:c1848f654aea2e3526d17fc3ce6aeaa5e7e24e66e645b5be2171f3f6b4e5a178"},
    {file = "setuptools-62.6.0.tar.gz", hash = "sha256:990a4f7861b31532871ab72331e755b5f14efbe52d336ea7f6118144dd478741"},
]
"simplejson 3.17.2" = [
    {file = "simplejson-3.17.2-cp27-cp27m-macosx_10_13_x86_64.whl", hash = "sha256:2d3eab2c3fe52007d703a26f71cf649a8c771fcdd949a3ae73041ba6797cfcf8"},
    {file = "simplejson-3.17.2-cp27-cp27m-manylinux1_i686.whl", hash = "sha256:813846738277729d7db71b82176204abc7fdae2f566e2d9fcf874f9b6472e3e6"},
    {file = "simplejson-3.17.2-cp27-cp27m-manylinux1_x86_64.whl", hash = "sha256:292c2e3f53be314cc59853bd20a35bf1f965f3bc121e007ab6fd526ed412a85d"},
    {file = "simplejson-3.17.2-cp27-cp27m-manylinux2010_i686.whl", hash = "sha256:0dd9d9c738cb008bfc0862c9b8fa6743495c03a0ed543884bf92fb7d30f8d043"},
    {file = "simplejson-3.17.2-cp27-cp27m-manylinux2010_x86_64.whl", hash = "sha256:42b8b8dd0799f78e067e2aaae97e60d58a8f63582939af60abce4c48631a0aa4"},
    {file = "simplejson-3.17.2-cp27-cp27m-win32.whl", hash = "sha256:8042040af86a494a23c189b5aa0ea9433769cc029707833f261a79c98e3375f9"},
    {file = "simplejson-3.17.2-cp27-cp27m-win_amd64.whl", hash = "sha256:034550078a11664d77bc1a8364c90bb7eef0e44c2dbb1fd0a4d92e3997088667"},
    {file = "simplejson-3.17.2-cp27-cp27mu-manylinux1_i686.whl", hash = "sha256:fed0f22bf1313ff79c7fc318f7199d6c2f96d4de3234b2f12a1eab350e597c06"},
    {file = "simplejson-3.17.2-cp27-cp27mu-manylinux1_x86_64.whl", hash = "sha256:2e7b57c2c146f8e4dadf84977a83f7ee50da17c8861fd7faf694d55e3274784f"},
    {file = "simplejson-3.17.2-cp27-cp27mu-manylinux2010_i686.whl", hash = "sha256:da3c55cdc66cfc3fffb607db49a42448785ea2732f055ac1549b69dcb392663b"},
    {file = "simplejson-3.17.2-cp27-cp27mu-manylinux2010_x86_64.whl", hash = "sha256:c1cb29b1fced01f97e6d5631c3edc2dadb424d1f4421dad079cb13fc97acb42f"},
    {file = "simplejson-3.17.2-cp33-cp33m-win32.whl", hash = "sha256:8f713ea65958ef40049b6c45c40c206ab363db9591ff5a49d89b448933fa5746"},
    {file = "simplejson-3.17.2-cp33-cp33m-win_amd64.whl", hash = "sha256:344e2d920a7f27b4023c087ab539877a1e39ce8e3e90b867e0bfa97829824748"},
    {file = "simplejson-3.17.2-cp34-cp34m-win32.whl", hash = "sha256:05b43d568300c1cd43f95ff4bfcff984bc658aa001be91efb3bb21df9d6288d3"},
    {file = "simplejson-3.17.2-cp34-cp34m-win_amd64.whl", hash = "sha256:cff6453e25204d3369c47b97dd34783ca820611bd334779d22192da23784194b"},
    {file = "simplejson-3.17.2-cp35-cp35m-manylinux1_i686.whl", hash = "sha256:8acf76443cfb5c949b6e781c154278c059b09ac717d2757a830c869ba000cf8d"},
    {file = "simplejson-3.17.2-cp35-cp35m-manylinux1_x86_64.whl", hash = "sha256:869a183c8e44bc03be1b2bbcc9ec4338e37fa8557fc506bf6115887c1d3bb956"},
    {file = "simplejson-3.17.2-cp35-cp35m-manylinux2010_i686.whl", hash = "sha256:5c659a0efc80aaaba57fcd878855c8534ecb655a28ac8508885c50648e6e659d"},
    {file = "simplejson-3.17.2-cp35-cp35m-manylinux2010_x86_64.whl", hash = "sha256:72d8a3ffca19a901002d6b068cf746be85747571c6a7ba12cbcf427bfb4ed971"},
    {file = "simplejson-3.17.2-cp35-cp35m-manylinux2014_aarch64.whl", hash = "sha256:4b3442249d5e3893b90cb9f72c7d6ce4d2ea144d2c0d9f75b9ae1e5460f3121a"},
    {file = "simplejson-3.17.2-cp35-cp35m-win32.whl", hash = "sha256:e058c7656c44fb494a11443191e381355388443d543f6fc1a245d5d238544396"},
    {file = "simplejson-3.17.2-cp35-cp35m-win_amd64.whl", hash = "sha256:934115642c8ba9659b402c8bdbdedb48651fb94b576e3b3efd1ccb079609b04a"},
    {file = "simplejson-3.17.2-cp36-cp36m-macosx_10_13_x86_64.whl", hash = "sha256:ffd4e4877a78c84d693e491b223385e0271278f5f4e1476a4962dca6824ecfeb"},
    {file = "simplejson-3.17.2-cp36-cp36m-manylinux1_i686.whl", hash = "sha256:10fc250c3edea4abc15d930d77274ddb8df4803453dde7ad50c2f5565a18a4bb"},
    {file = "simplejson-3.17.2-cp36-cp36m-manylinux1_x86_64.whl", hash = "sha256:76ac9605bf2f6d9b56abf6f9da9047a8782574ad3531c82eae774947ae99cc3f"},
    {file = "simplejson-3.17.2-cp36-cp36m-manylinux2010_i686.whl", hash = "sha256:7f10f8ba9c1b1430addc7dd385fc322e221559d3ae49b812aebf57470ce8de45"},
    {file = "simplejson-3.17.2-cp36-cp36m-manylinux2010_x86_64.whl", hash = "sha256:bc00d1210567a4cdd215ac6e17dc00cb9893ee521cee701adfd0fa43f7c73139"},
    {file = "simplejson-3.17.2-cp36-cp36m-manylinux2014_aarch64.whl", hash = "sha256:af4868da7dd53296cd7630687161d53a7ebe2e63814234631445697bd7c29f46"},
    {file = "simplejson-3.17.2-cp36-cp36m-win32.whl", hash = "sha256:7d276f69bfc8c7ba6c717ba8deaf28f9d3c8450ff0aa8713f5a3280e232be16b"},
    {file = "simplejson-3.17.2-cp36-cp36m-win_amd64.whl", hash = "sha256:a55c76254d7cf8d4494bc508e7abb993a82a192d0db4552421e5139235604625"},
    {file = "simplejson-3.17.2-cp37-cp37m-macosx_10_14_x86_64.whl", hash = "sha256:9a2b7543559f8a1c9ed72724b549d8cc3515da7daf3e79813a15bdc4a769de25"},
    {file = "simplejson-3.17.2-cp37-cp37m-manylinux1_i686.whl", hash = "sha256:311f5dc2af07361725033b13cc3d0351de3da8bede3397d45650784c3f21fbcf"},
    {file = "simplejson-3.17.2-cp37-cp37m-manylinux1_x86_64.whl", hash = "sha256:2862beabfb9097a745a961426fe7daf66e1714151da8bb9a0c430dde3d59c7c0"},
    {file = "simplejson-3.17.2-cp37-cp37m-manylinux2010_i686.whl", hash = "sha256:afebfc3dd3520d37056f641969ce320b071bc7a0800639c71877b90d053e087f"},
    {file = "simplejson-3.17.2-cp37-cp37m-manylinux2010_x86_64.whl", hash = "sha256:d4813b30cb62d3b63ccc60dd12f2121780c7a3068db692daeb90f989877aaf04"},
    {file = "simplejson-3.17.2-cp37-cp37m-manylinux2014_aarch64.whl", hash = "sha256:3fabde09af43e0cbdee407555383063f8b45bfb52c361bc5da83fcffdb4fd278"},
    {file = "simplejson-3.17.2-cp37-cp37m-win32.whl", hash = "sha256:ceaa28a5bce8a46a130cd223e895080e258a88d51bf6e8de2fc54a6ef7e38c34"},
    {file = "simplejson-3.17.2-cp37-cp37m-win_amd64.whl", hash = "sha256:9551f23e09300a9a528f7af20e35c9f79686d46d646152a0c8fc41d2d074d9b0"},
    {file = "simplejson-3.17.2-cp38-cp38-macosx_10_14_x86_64.whl", hash = "sha256:c94dc64b1a389a416fc4218cd4799aa3756f25940cae33530a4f7f2f54f166da"},
    {file = "simplejson-3.17.2-cp38-cp38-manylinux1_i686.whl", hash = "sha256:b59aa298137ca74a744c1e6e22cfc0bf9dca3a2f41f51bc92eb05695155d905a"},
    {file = "simplejson-3.17.2-cp38-cp38-manylinux1_x86_64.whl", hash = "sha256:ad8f41c2357b73bc9e8606d2fa226233bf4d55d85a8982ecdfd55823a6959995"},
    {file = "simplejson-3.17.2-cp38-cp38-manylinux2010_i686.whl", hash = "sha256:845a14f6deb124a3bcb98a62def067a67462a000e0508f256f9c18eff5847efc"},
    {file = "simplejson-3.17.2-cp38-cp38-manylinux2010_x86_64.whl", hash = "sha256:d0b64409df09edb4c365d95004775c988259efe9be39697d7315c42b7a5e7e94"},
    {file = "simplejson-3.17.2-cp38-cp38-manylinux2014_aarch64.whl", hash = "sha256:55d65f9cc1b733d85ef95ab11f559cce55c7649a2160da2ac7a078534da676c8"},
    {file = "simplejson-3.17.2.tar.gz", hash = "sha256:75ecc79f26d99222a084fbdd1ce5aad3ac3a8bd535cd9059528452da38b68841"},
]
"six 1.16.0" = [
    {file = "six-1.16.0-py2.py3-none-any.whl", hash = "sha256:8abb2f1d86890a2dfb989f9a77cfcfd3e47c2a354b01111771326f8aa26e0254"},
    {file = "six-1.16.0.tar.gz", hash = "sha256:1e61c37477a1626458e36f7b1d82aa5c9b094fa4802892072e49de9c60c4c926"},
]
"sniffio 1.2.0" = [
    {file = "sniffio-1.2.0-py3-none-any.whl", hash = "sha256:471b71698eac1c2112a40ce2752bb2f4a4814c22a54a3eed3676bc0f5ca9f663"},
    {file = "sniffio-1.2.0.tar.gz", hash = "sha256:c4666eecec1d3f50960c6bdf61ab7bc350648da6c126e3cf6898d8cd4ddcd3de"},
]
"stack-data 0.3.0" = [
    {file = "stack_data-0.3.0-py3-none-any.whl", hash = "sha256:aa1d52d14d09c7a9a12bb740e6bdfffe0f5e8f4f9218d85e7c73a8c37f7ae38d"},
    {file = "stack_data-0.3.0.tar.gz", hash = "sha256:77bec1402dcd0987e9022326473fdbcc767304892a533ed8c29888dacb7dddbc"},
]
"starlette 0.19.1" = [
    {file = "starlette-0.19.1-py3-none-any.whl", hash = "sha256:5a60c5c2d051f3a8eb546136aa0c9399773a689595e099e0877704d5888279bf"},
    {file = "starlette-0.19.1.tar.gz", hash = "sha256:c6d21096774ecb9639acad41b86b7706e52ba3bf1dc13ea4ed9ad593d47e24c7"},
]
"toml 0.10.2" = [
    {file = "toml-0.10.2-py2.py3-none-any.whl", hash = "sha256:806143ae5bfb6a3c6e736a764057db0e6a0e05e338b5630894a5f779cabb4f9b"},
    {file = "toml-0.10.2.tar.gz", hash = "sha256:b3bda1d108d5dd99f4a20d24d9c348e91c4db7ab1b749200bded2f839ccbe68f"},
]
"traitlets 5.3.0" = [
    {file = "traitlets-5.3.0-py3-none-any.whl", hash = "sha256:65fa18961659635933100db8ca120ef6220555286949774b9cfc106f941d1c7a"},
    {file = "traitlets-5.3.0.tar.gz", hash = "sha256:0bb9f1f9f017aa8ec187d8b1b2a7a6626a2a1d877116baba52a129bfa124f8e2"},
]
"typing-extensions 4.2.0" = [
    {file = "typing_extensions-4.2.0-py3-none-any.whl", hash = "sha256:6657594ee297170d19f67d55c05852a874e7eb634f4f753dbd667855e07c1708"},
    {file = "typing_extensions-4.2.0.tar.gz", hash = "sha256:f1c24655a0da0d1b67f07e17a5e6b2a105894e6824b92096378bb3668ef02376"},
]
"ujson 5.3.0" = [
    {file = "ujson-5.3.0-cp310-cp310-macosx_10_9_x86_64.whl", hash = "sha256:a933b3a238a48162c382e0ac338b97663d044b0485021b6670565a81e7b7ec98"},
    {file = "ujson-5.3.0-cp310-cp310-macosx_11_0_arm64.whl", hash = "sha256:612015c6e5a9bf041b89f1eaa8ab8682469b3a745a00c7c95bbbee8080f6b346"},
    {file = "ujson-5.3.0-cp310-cp310-manylinux_2_17_aarch64.manylinux2014_aarch64.whl", hash = "sha256:a720b6eff73415249a3dd02e2b1b337de31bb9fa8220bd572dffba23066e538c"},
    {file = "ujson-5.3.0-cp310-cp310-manylinux_2_17_x86_64.manylinux2014_x86_64.whl", hash = "sha256:c1408ea1704017289c3023928065233b90953aae3e1d7d06d6d6db667e9fe159"},
    {file = "ujson-5.3.0-cp310-cp310-manylinux_2_5_i686.manylinux1_i686.manylinux_2_17_i686.manylinux2014_i686.whl", hash = "sha256:5192505798a5734a85c763eff11e6f6072d3595c337b52f72922b4e22fe66e2e"},
    {file = "ujson-5.3.0-cp310-cp310-musllinux_1_1_aarch64.whl", hash = "sha256:bad1471ccfa8d100a0bc513c6db587c38de99384f2aa54eec1016a131d63d3d9"},
    {file = "ujson-5.3.0-cp310-cp310-musllinux_1_1_i686.whl", hash = "sha256:b926f2f7a266db8f2c46498f0c2c9fcc7e53c8e0fa8bff7f08ad9c044723a2ec"},
    {file = "ujson-5.3.0-cp310-cp310-musllinux_1_1_x86_64.whl", hash = "sha256:ed9809bc36292e0d3632d50aae497b5827c1a2e07158f7d4d5c53e8e8662bf66"},
    {file = "ujson-5.3.0-cp310-cp310-win32.whl", hash = "sha256:522b1d60872bb6368c14ac538adb55ca9d6c39a7a962832819ef1aafb3446ff5"},
    {file = "ujson-5.3.0-cp310-cp310-win_amd64.whl", hash = "sha256:a609bb1cdda9748e6a8363039926dee5ea2bcc073412279615560b967f92a524"},
    {file = "ujson-5.3.0-cp37-cp37m-macosx_10_9_x86_64.whl", hash = "sha256:7455fc3d69315149b95fd011c01496a5e9442c9e7c4d202bed87c5c2e449ed05"},
    {file = "ujson-5.3.0-cp37-cp37m-manylinux_2_17_aarch64.manylinux2014_aarch64.whl", hash = "sha256:865225a85e4ce48754d0036fdc0eb796b4aaf4f1e928f0efb9b4e1c081647a4c"},
    {file = "ujson-5.3.0-cp37-cp37m-manylinux_2_17_x86_64.manylinux2014_x86_64.whl", hash = "sha256:d553f31bceda492c2bda37f48873820d28f07608ae14409c5e9d6c3aa6694840"},
    {file = "ujson-5.3.0-cp37-cp37m-manylinux_2_5_i686.manylinux1_i686.manylinux_2_17_i686.manylinux2014_i686.whl", hash = "sha256:a014531468b78c031aa04e5ca8b64385a6edb48a2e66ebf11093213c678fc383"},
    {file = "ujson-5.3.0-cp37-cp37m-musllinux_1_1_aarch64.whl", hash = "sha256:b3e6431812d8008dce7b2546b1276f649f6c9aa44617762ebd3529a25092816c"},
    {file = "ujson-5.3.0-cp37-cp37m-musllinux_1_1_i686.whl", hash = "sha256:089965f964d17905c48cdca88b982d525165e549b438ac86f194c6a9d852fd69"},
    {file = "ujson-5.3.0-cp37-cp37m-musllinux_1_1_x86_64.whl", hash = "sha256:ca5eced4ae4ba1e2c9539fca6451694d31e0243de2acfcd6965e2b6e159ba29b"},
    {file = "ujson-5.3.0-cp37-cp37m-win32.whl", hash = "sha256:a4fe193050b519ace09f7d053def30b99deadf650c18a8a874ea0f6c9a2992bc"},
    {file = "ujson-5.3.0-cp37-cp37m-win_amd64.whl", hash = "sha256:e7961c493a982c03cffc9ce4dc2b23bed1375352296f946cc36ddeb5145fa62c"},
    {file = "ujson-5.3.0-cp38-cp38-macosx_10_9_x86_64.whl", hash = "sha256:34592a3c9370745b093ebca60aee6d32f8e7abe3d5c12d54c7dba0b2f81cd863"},
    {file = "ujson-5.3.0-cp38-cp38-macosx_11_0_arm64.whl", hash = "sha256:510c3705b29bc3753ec9e6073b99000160320c1cf6e035884295401acb474dfa"},
    {file = "ujson-5.3.0-cp38-cp38-manylinux_2_17_aarch64.manylinux2014_aarch64.whl", hash = "sha256:034c07399dff35385ecc53caf9b1f12b3e203834de27b723daeb2cbb3e02ee7f"},
    {file = "ujson-5.3.0-cp38-cp38-manylinux_2_17_x86_64.manylinux2014_x86_64.whl", hash = "sha256:5a87e1c05f1efc23c67bfa26be79f12c1f59f71a586b396068d5cf7eb78a2635"},
    {file = "ujson-5.3.0-cp38-cp38-manylinux_2_5_i686.manylinux1_i686.manylinux_2_17_i686.manylinux2014_i686.whl", hash = "sha256:972c1850cc52e57ccdea70e3c069e2da5c6090e3ee18d167dff2618a8d7dd127"},
    {file = "ujson-5.3.0-cp38-cp38-musllinux_1_1_aarch64.whl", hash = "sha256:d45e86101a5cddd295d5870b02244fc87ecd9b8936f440acbd2bb30b4c1fe23c"},
    {file = "ujson-5.3.0-cp38-cp38-musllinux_1_1_i686.whl", hash = "sha256:decd32e8d7f934dde484e43431f60b069e87bb30a3a7e186cb6bd69caa0418f3"},
    {file = "ujson-5.3.0-cp38-cp38-musllinux_1_1_x86_64.whl", hash = "sha256:8c734982d6560356c173817576a1f3fa074a2d2b993e63bffa69105ae9ec144b"},
    {file = "ujson-5.3.0-cp38-cp38-win32.whl", hash = "sha256:563b7ed1e789f763410c49e6fab51d61982eb94088b25338e65b89ad20b6b107"},
    {file = "ujson-5.3.0-cp38-cp38-win_amd64.whl", hash = "sha256:8a2cbb044bc6e6764b9a089a2079432b8bd576dbff5faa808b562a8f3c97452b"},
    {file = "ujson-5.3.0-cp39-cp39-macosx_10_9_x86_64.whl", hash = "sha256:6c5d19fbdd29d5080926c863ba89591a2d3dbf592ea35b456cb2996004433d11"},
    {file = "ujson-5.3.0-cp39-cp39-macosx_11_0_arm64.whl", hash = "sha256:4dc79db757b0dfa23a111a4573827a6ef57de65dbe8cdb202e45cf9ddf06aad5"},
    {file = "ujson-5.3.0-cp39-cp39-manylinux_2_17_aarch64.manylinux2014_aarch64.whl", hash = "sha256:5700a179abacbdc8609737e595a598b7f107cd68615ded3f922f4c0d4b6009d6"},
    {file = "ujson-5.3.0-cp39-cp39-manylinux_2_17_x86_64.manylinux2014_x86_64.whl", hash = "sha256:287dea79473ce4941598c45dc34f9f692d48d7863b451541c5ce960ab54465fb"},
    {file = "ujson-5.3.0-cp39-cp39-manylinux_2_5_i686.manylinux1_i686.manylinux_2_17_i686.manylinux2014_i686.whl", hash = "sha256:151faa9085c10351a04aea959a2bc25dfa2e21af26d9b614a221d045b7923ea4"},
    {file = "ujson-5.3.0-cp39-cp39-musllinux_1_1_aarch64.whl", hash = "sha256:285082924747958aa69e1dc2146c01db6b0921a0bb04b595beefe7fcffaffaf9"},
    {file = "ujson-5.3.0-cp39-cp39-musllinux_1_1_i686.whl", hash = "sha256:8dd74570fe59c738d4dc12d44eb89538b0b01fae9dda6cfe3ff3f6934877cf35"},
    {file = "ujson-5.3.0-cp39-cp39-musllinux_1_1_x86_64.whl", hash = "sha256:6aba1e39ffdd83ec14832ea25bbb18266fea46bc69b8c0acbd996495826c0e6f"},
    {file = "ujson-5.3.0-cp39-cp39-win32.whl", hash = "sha256:1358621686ddfda55171fc98c171bf5b1a80ce4d444134b70e1e449925fa014f"},
    {file = "ujson-5.3.0-cp39-cp39-win_amd64.whl", hash = "sha256:d1fab398734634f4b412512ed230d45522fc9f3dd9ca169f579474a491f662aa"},
    {file = "ujson-5.3.0-pp37-pypy37_pp73-macosx_10_9_x86_64.whl", hash = "sha256:d4830c8df958c45c16dfc43c8353403efd7f1a8e39b91a7e0e848d55b7fa8b48"},
    {file = "ujson-5.3.0-pp37-pypy37_pp73-manylinux_2_17_aarch64.manylinux2014_aarch64.whl", hash = "sha256:48bed7c1f95484644a2cc658efff4d1e75b8c806f6ef2b5c815f59e1cbe0d039"},
    {file = "ujson-5.3.0-pp37-pypy37_pp73-manylinux_2_17_x86_64.manylinux2014_x86_64.whl", hash = "sha256:2db7cbe415d7329b9bff029a83851d1077836ec728fe1c32be34c9c3a5017ab2"},
    {file = "ujson-5.3.0-pp37-pypy37_pp73-manylinux_2_5_i686.manylinux1_i686.manylinux_2_17_i686.manylinux2014_i686.whl", hash = "sha256:73636001055667bbcc6a73b232da1d272f68a49a1f192efbe99e99ddf8ef1d21"},
    {file = "ujson-5.3.0-pp37-pypy37_pp73-win_amd64.whl", hash = "sha256:47bf966e1041ae8e568d7e8eb421d72d0521c30c28306b76c256832553e316c6"},
    {file = "ujson-5.3.0-pp38-pypy38_pp73-macosx_10_9_x86_64.whl", hash = "sha256:66f857d8b8d7ea44e3fd5f2b7e471334f24b735423729771f5a7a7f69ab645ed"},
    {file = "ujson-5.3.0-pp38-pypy38_pp73-manylinux_2_17_aarch64.manylinux2014_aarch64.whl", hash = "sha256:7d2cb50aa526032b8812975c3832058763ee50e1dc3a1302431ed9d0922c3a1b"},
    {file = "ujson-5.3.0-pp38-pypy38_pp73-manylinux_2_17_x86_64.manylinux2014_x86_64.whl", hash = "sha256:f615ee181b813c8f50a57d55354d0c0304a0be066962efdbef6f44517b26e3b2"},
    {file = "ujson-5.3.0-pp38-pypy38_pp73-manylinux_2_5_i686.manylinux1_i686.manylinux_2_17_i686.manylinux2014_i686.whl", hash = "sha256:c5696c99a7dd567566c18490e8e346b2657967feb1e3c2004e91dbb253db0894"},
    {file = "ujson-5.3.0-pp38-pypy38_pp73-win_amd64.whl", hash = "sha256:a68d5a8a46712ffe86db8ae1b4311714db534725521c71fd4c9e1cd062dae9a4"},
    {file = "ujson-5.3.0.tar.gz", hash = "sha256:ab938777b3ac0372231ee654a7f6a13787e587b1ca268d8aa7e6fb6846e477d0"},
]
"urllib3 1.26.9" = [
    {file = "urllib3-1.26.9-py2.py3-none-any.whl", hash = "sha256:44ece4d53fb1706f667c9bd1c648f5469a2ec925fcf3a776667042d645472c14"},
    {file = "urllib3-1.26.9.tar.gz", hash = "sha256:aabaf16477806a5e1dd19aa41f8c2b7950dd3c746362d7e3223dbe6de6ac448e"},
]
"uvicorn 0.17.6" = [
    {file = "uvicorn-0.17.6-py3-none-any.whl", hash = "sha256:19e2a0e96c9ac5581c01eb1a79a7d2f72bb479691acd2b8921fce48ed5b961a6"},
    {file = "uvicorn-0.17.6.tar.gz", hash = "sha256:5180f9d059611747d841a4a4c4ab675edf54c8489e97f96d0583ee90ac3bfc23"},
]
"wcwidth 0.2.5" = [
    {file = "wcwidth-0.2.5-py2.py3-none-any.whl", hash = "sha256:beb4802a9cebb9144e99086eff703a642a13d6a0052920003a230f3294bbe784"},
    {file = "wcwidth-0.2.5.tar.gz", hash = "sha256:c4d647b99872929fdb7bdcaa4fbe7f01413ed3d98077df798530e5b04f116c83"},
]
